// !$*UTF8*$!
{
	archiveVersion = 1;
	classes = {
	};
	objectVersion = 48;
	objects = {

/* Begin PBXBuildFile section */
		D604590B1FE02BAE00A53DAA /* Money.swift in Sources */ = {isa = PBXBuildFile; fileRef = D604590A1FE02BAE00A53DAA /* Money.swift */; };
		D604590D1FE02CC700A53DAA /* CoinPriceProvider.swift in Sources */ = {isa = PBXBuildFile; fileRef = D604590C1FE02CC700A53DAA /* CoinPriceProvider.swift */; };
		D604590F1FE02E2100A53DAA /* CoinbasePriceProvider.swift in Sources */ = {isa = PBXBuildFile; fileRef = D604590E1FE02E2100A53DAA /* CoinbasePriceProvider.swift */; };
		D60459111FE02E9000A53DAA /* CoinPriceTouchBarController.swift in Sources */ = {isa = PBXBuildFile; fileRef = D60459101FE02E9000A53DAA /* CoinPriceTouchBarController.swift */; };
		D60459131FE03C8800A53DAA /* main.swift in Sources */ = {isa = PBXBuildFile; fileRef = D60459121FE03C8800A53DAA /* main.swift */; };
		D64C25561FE5636F001FE894 /* MesTouchBarItem.swift in Sources */ = {isa = PBXBuildFile; fileRef = D64C25551FE5636F001FE894 /* MesTouchBarItem.swift */; };
		D64C25581FE5675E001FE894 /* MesProvider.swift in Sources */ = {isa = PBXBuildFile; fileRef = D64C25571FE5675E001FE894 /* MesProvider.swift */; };
		D64FDCF91FDF9FD30048E2FC /* AppDelegate.swift in Sources */ = {isa = PBXBuildFile; fileRef = D64FDCF81FDF9FD30048E2FC /* AppDelegate.swift */; };
		D64FDCFB1FDF9FD30048E2FC /* Assets.xcassets in Resources */ = {isa = PBXBuildFile; fileRef = D64FDCFA1FDF9FD30048E2FC /* Assets.xcassets */; };
		D65FE3421FE0BFCB0011B058 /* DFRFoundation.framework in Frameworks */ = {isa = PBXBuildFile; fileRef = D65FE3411FE0BFCB0011B058 /* DFRFoundation.framework */; };
		D66A00EA1FDFC1C500EF4F9D /* CoinPriceTouchBarItem.swift in Sources */ = {isa = PBXBuildFile; fileRef = D66A00E91FDFC1C500EF4F9D /* CoinPriceTouchBarItem.swift */; };
		D66A00EC1FDFC25100EF4F9D /* CoinPriceTouchBar.swift in Sources */ = {isa = PBXBuildFile; fileRef = D66A00EB1FDFC25100EF4F9D /* CoinPriceTouchBar.swift */; };
/* End PBXBuildFile section */

/* Begin PBXFileReference section */
		D604590A1FE02BAE00A53DAA /* Money.swift */ = {isa = PBXFileReference; lastKnownFileType = sourcecode.swift; path = Money.swift; sourceTree = "<group>"; };
		D604590C1FE02CC700A53DAA /* CoinPriceProvider.swift */ = {isa = PBXFileReference; lastKnownFileType = sourcecode.swift; path = CoinPriceProvider.swift; sourceTree = "<group>"; };
		D604590E1FE02E2100A53DAA /* CoinbasePriceProvider.swift */ = {isa = PBXFileReference; lastKnownFileType = sourcecode.swift; path = CoinbasePriceProvider.swift; sourceTree = "<group>"; };
		D60459101FE02E9000A53DAA /* CoinPriceTouchBarController.swift */ = {isa = PBXFileReference; lastKnownFileType = sourcecode.swift; path = CoinPriceTouchBarController.swift; sourceTree = "<group>"; };
		D60459121FE03C8800A53DAA /* main.swift */ = {isa = PBXFileReference; lastKnownFileType = sourcecode.swift; path = main.swift; sourceTree = "<group>"; };
		D64C25551FE5636F001FE894 /* MesTouchBarItem.swift */ = {isa = PBXFileReference; lastKnownFileType = sourcecode.swift; path = MesTouchBarItem.swift; sourceTree = "<group>"; };
		D64C25571FE5675E001FE894 /* MesProvider.swift */ = {isa = PBXFileReference; lastKnownFileType = sourcecode.swift; path = MesProvider.swift; sourceTree = "<group>"; };
		D64FDCF51FDF9FD30048E2FC /* CoinPriceBar.app */ = {isa = PBXFileReference; explicitFileType = wrapper.application; includeInIndex = 0; path = CoinPriceBar.app; sourceTree = BUILT_PRODUCTS_DIR; };
		D64FDCF81FDF9FD30048E2FC /* AppDelegate.swift */ = {isa = PBXFileReference; lastKnownFileType = sourcecode.swift; path = AppDelegate.swift; sourceTree = "<group>"; };
		D64FDCFA1FDF9FD30048E2FC /* Assets.xcassets */ = {isa = PBXFileReference; lastKnownFileType = folder.assetcatalog; path = Assets.xcassets; sourceTree = "<group>"; };
		D64FDCFF1FDF9FD30048E2FC /* Info.plist */ = {isa = PBXFileReference; lastKnownFileType = text.plist.xml; path = Info.plist; sourceTree = "<group>"; };
		D64FDD001FDF9FD30048E2FC /* CoinPriceBar.entitlements */ = {isa = PBXFileReference; lastKnownFileType = text.plist.entitlements; path = CoinPriceBar.entitlements; sourceTree = "<group>"; };
		D65FE33C1FE0B9D90011B058 /* TouchBar.h */ = {isa = PBXFileReference; lastKnownFileType = sourcecode.c.h; path = TouchBar.h; sourceTree = "<group>"; };
		D65FE33F1FE0BAF70011B058 /* BridgingHeader.h */ = {isa = PBXFileReference; lastKnownFileType = sourcecode.c.h; path = BridgingHeader.h; sourceTree = "<group>"; };
		D65FE3411FE0BFCB0011B058 /* DFRFoundation.framework */ = {isa = PBXFileReference; lastKnownFileType = wrapper.framework; name = DFRFoundation.framework; path = /System/Library/PrivateFrameworks/DFRFoundation.framework; sourceTree = "<absolute>"; };
		D66A00E91FDFC1C500EF4F9D /* CoinPriceTouchBarItem.swift */ = {isa = PBXFileReference; lastKnownFileType = sourcecode.swift; path = CoinPriceTouchBarItem.swift; sourceTree = "<group>"; };
		D66A00EB1FDFC25100EF4F9D /* CoinPriceTouchBar.swift */ = {isa = PBXFileReference; lastKnownFileType = sourcecode.swift; path = CoinPriceTouchBar.swift; sourceTree = "<group>"; };
/* End PBXFileReference section */

/* Begin PBXFrameworksBuildPhase section */
		D64FDCF21FDF9FD30048E2FC /* Frameworks */ = {
			isa = PBXFrameworksBuildPhase;
			buildActionMask = 2147483647;
			files = (
				D65FE3421FE0BFCB0011B058 /* DFRFoundation.framework in Frameworks */,
			);
			runOnlyForDeploymentPostprocessing = 0;
		};
/* End PBXFrameworksBuildPhase section */

/* Begin PBXGroup section */
		D64FDCEC1FDF9FD30048E2FC = {
			isa = PBXGroup;
			children = (
				D64FDCF71FDF9FD30048E2FC /* CoinPriceBar */,
				D64FDCF61FDF9FD30048E2FC /* Products */,
				D65FE3401FE0BFCA0011B058 /* Frameworks */,
			);
			sourceTree = "<group>";
		};
		D64FDCF61FDF9FD30048E2FC /* Products */ = {
			isa = PBXGroup;
			children = (
				D64FDCF51FDF9FD30048E2FC /* CoinPriceBar.app */,
			);
			name = Products;
			sourceTree = "<group>";
		};
		D64FDCF71FDF9FD30048E2FC /* CoinPriceBar */ = {
			isa = PBXGroup;
			children = (
				D60459121FE03C8800A53DAA /* main.swift */,
				D64FDCF81FDF9FD30048E2FC /* AppDelegate.swift */,
				D60459101FE02E9000A53DAA /* CoinPriceTouchBarController.swift */,
				D66A00EB1FDFC25100EF4F9D /* CoinPriceTouchBar.swift */,
				D66A00E91FDFC1C500EF4F9D /* CoinPriceTouchBarItem.swift */,
				D64C25551FE5636F001FE894 /* MesTouchBarItem.swift */,
				D64C25571FE5675E001FE894 /* MesProvider.swift */,
				D604590A1FE02BAE00A53DAA /* Money.swift */,
				D604590C1FE02CC700A53DAA /* CoinPriceProvider.swift */,
				D604590E1FE02E2100A53DAA /* CoinbasePriceProvider.swift */,
				D65FE33C1FE0B9D90011B058 /* TouchBar.h */,
				D65FE33F1FE0BAF70011B058 /* BridgingHeader.h */,
				D64FDCFA1FDF9FD30048E2FC /* Assets.xcassets */,
				D64FDCFF1FDF9FD30048E2FC /* Info.plist */,
				D64FDD001FDF9FD30048E2FC /* CoinPriceBar.entitlements */,
			);
			path = CoinPriceBar;
			sourceTree = "<group>";
		};
		D65FE3401FE0BFCA0011B058 /* Frameworks */ = {
			isa = PBXGroup;
			children = (
				D65FE3411FE0BFCB0011B058 /* DFRFoundation.framework */,
			);
			name = Frameworks;
			sourceTree = "<group>";
		};
/* End PBXGroup section */

/* Begin PBXNativeTarget section */
		D64FDCF41FDF9FD30048E2FC /* CoinPriceBar */ = {
			isa = PBXNativeTarget;
			buildConfigurationList = D64FDD031FDF9FD30048E2FC /* Build configuration list for PBXNativeTarget "CoinPriceBar" */;
			buildPhases = (
				D64FDCF11FDF9FD30048E2FC /* Sources */,
				D64FDCF21FDF9FD30048E2FC /* Frameworks */,
				D64FDCF31FDF9FD30048E2FC /* Resources */,
			);
			buildRules = (
			);
			dependencies = (
			);
			name = CoinPriceBar;
			productName = CoinPriceBar;
			productReference = D64FDCF51FDF9FD30048E2FC /* CoinPriceBar.app */;
			productType = "com.apple.product-type.application";
		};
/* End PBXNativeTarget section */

/* Begin PBXProject section */
		D64FDCED1FDF9FD30048E2FC /* Project object */ = {
			isa = PBXProject;
			attributes = {
				LastSwiftUpdateCheck = 0920;
				LastUpgradeCheck = 0920;
				ORGANIZATIONNAME = "Thanh Pham";
				TargetAttributes = {
					D64FDCF41FDF9FD30048E2FC = {
						CreatedOnToolsVersion = 9.2;
						ProvisioningStyle = Automatic;
						SystemCapabilities = {
							com.apple.Sandbox = {
								enabled = 0;
							};
						};
					};
				};
			};
			buildConfigurationList = D64FDCF01FDF9FD30048E2FC /* Build configuration list for PBXProject "CoinPriceBar" */;
			compatibilityVersion = "Xcode 8.0";
			developmentRegion = en;
			hasScannedForEncodings = 0;
			knownRegions = (
				en,
				Base,
			);
			mainGroup = D64FDCEC1FDF9FD30048E2FC;
			productRefGroup = D64FDCF61FDF9FD30048E2FC /* Products */;
			projectDirPath = "";
			projectRoot = "";
			targets = (
				D64FDCF41FDF9FD30048E2FC /* CoinPriceBar */,
			);
		};
/* End PBXProject section */

/* Begin PBXResourcesBuildPhase section */
		D64FDCF31FDF9FD30048E2FC /* Resources */ = {
			isa = PBXResourcesBuildPhase;
			buildActionMask = 2147483647;
			files = (
				D64FDCFB1FDF9FD30048E2FC /* Assets.xcassets in Resources */,
			);
			runOnlyForDeploymentPostprocessing = 0;
		};
/* End PBXResourcesBuildPhase section */

/* Begin PBXSourcesBuildPhase section */
		D64FDCF11FDF9FD30048E2FC /* Sources */ = {
			isa = PBXSourcesBuildPhase;
			buildActionMask = 2147483647;
			files = (
				D604590F1FE02E2100A53DAA /* CoinbasePriceProvider.swift in Sources */,
				D604590D1FE02CC700A53DAA /* CoinPriceProvider.swift in Sources */,
				D64C25581FE5675E001FE894 /* MesProvider.swift in Sources */,
				D60459131FE03C8800A53DAA /* main.swift in Sources */,
				D64C25561FE5636F001FE894 /* MesTouchBarItem.swift in Sources */,
				D64FDCF91FDF9FD30048E2FC /* AppDelegate.swift in Sources */,
				D66A00EA1FDFC1C500EF4F9D /* CoinPriceTouchBarItem.swift in Sources */,
				D604590B1FE02BAE00A53DAA /* Money.swift in Sources */,
				D66A00EC1FDFC25100EF4F9D /* CoinPriceTouchBar.swift in Sources */,
				D60459111FE02E9000A53DAA /* CoinPriceTouchBarController.swift in Sources */,
			);
			runOnlyForDeploymentPostprocessing = 0;
		};
/* End PBXSourcesBuildPhase section */

/* Begin XCBuildConfiguration section */
		D64FDD011FDF9FD30048E2FC /* Debug */ = {
			isa = XCBuildConfiguration;
			buildSettings = {
				ALWAYS_SEARCH_USER_PATHS = NO;
				CLANG_ANALYZER_NONNULL = YES;
				CLANG_ANALYZER_NUMBER_OBJECT_CONVERSION = YES_AGGRESSIVE;
				CLANG_CXX_LANGUAGE_STANDARD = "gnu++14";
				CLANG_CXX_LIBRARY = "libc++";
				CLANG_ENABLE_MODULES = YES;
				CLANG_ENABLE_OBJC_ARC = YES;
				CLANG_WARN_BLOCK_CAPTURE_AUTORELEASING = YES;
				CLANG_WARN_BOOL_CONVERSION = YES;
				CLANG_WARN_COMMA = YES;
				CLANG_WARN_CONSTANT_CONVERSION = YES;
				CLANG_WARN_DIRECT_OBJC_ISA_USAGE = YES_ERROR;
				CLANG_WARN_DOCUMENTATION_COMMENTS = YES;
				CLANG_WARN_EMPTY_BODY = YES;
				CLANG_WARN_ENUM_CONVERSION = YES;
				CLANG_WARN_INFINITE_RECURSION = YES;
				CLANG_WARN_INT_CONVERSION = YES;
				CLANG_WARN_NON_LITERAL_NULL_CONVERSION = YES;
				CLANG_WARN_OBJC_LITERAL_CONVERSION = YES;
				CLANG_WARN_OBJC_ROOT_CLASS = YES_ERROR;
				CLANG_WARN_RANGE_LOOP_ANALYSIS = YES;
				CLANG_WARN_STRICT_PROTOTYPES = YES;
				CLANG_WARN_SUSPICIOUS_MOVE = YES;
				CLANG_WARN_UNGUARDED_AVAILABILITY = YES_AGGRESSIVE;
				CLANG_WARN_UNREACHABLE_CODE = YES;
				CLANG_WARN__DUPLICATE_METHOD_MATCH = YES;
				CODE_SIGN_IDENTITY = "-";
				COPY_PHASE_STRIP = NO;
				DEBUG_INFORMATION_FORMAT = dwarf;
				ENABLE_STRICT_OBJC_MSGSEND = YES;
				ENABLE_TESTABILITY = YES;
				GCC_C_LANGUAGE_STANDARD = gnu11;
				GCC_DYNAMIC_NO_PIC = NO;
				GCC_NO_COMMON_BLOCKS = YES;
				GCC_OPTIMIZATION_LEVEL = 0;
				GCC_PREPROCESSOR_DEFINITIONS = (
					"DEBUG=1",
					"$(inherited)",
				);
				GCC_WARN_64_TO_32_BIT_CONVERSION = YES;
				GCC_WARN_ABOUT_RETURN_TYPE = YES_ERROR;
				GCC_WARN_UNDECLARED_SELECTOR = YES;
				GCC_WARN_UNINITIALIZED_AUTOS = YES_AGGRESSIVE;
				GCC_WARN_UNUSED_FUNCTION = YES;
				GCC_WARN_UNUSED_VARIABLE = YES;
				MACOSX_DEPLOYMENT_TARGET = 10.13;
				MTL_ENABLE_DEBUG_INFO = YES;
				ONLY_ACTIVE_ARCH = YES;
				SDKROOT = macosx;
				SWIFT_ACTIVE_COMPILATION_CONDITIONS = DEBUG;
				SWIFT_OPTIMIZATION_LEVEL = "-Onone";
			};
			name = Debug;
		};
		D64FDD021FDF9FD30048E2FC /* Release */ = {
			isa = XCBuildConfiguration;
			buildSettings = {
				ALWAYS_SEARCH_USER_PATHS = NO;
				CLANG_ANALYZER_NONNULL = YES;
				CLANG_ANALYZER_NUMBER_OBJECT_CONVERSION = YES_AGGRESSIVE;
				CLANG_CXX_LANGUAGE_STANDARD = "gnu++14";
				CLANG_CXX_LIBRARY = "libc++";
				CLANG_ENABLE_MODULES = YES;
				CLANG_ENABLE_OBJC_ARC = YES;
				CLANG_WARN_BLOCK_CAPTURE_AUTORELEASING = YES;
				CLANG_WARN_BOOL_CONVERSION = YES;
				CLANG_WARN_COMMA = YES;
				CLANG_WARN_CONSTANT_CONVERSION = YES;
				CLANG_WARN_DIRECT_OBJC_ISA_USAGE = YES_ERROR;
				CLANG_WARN_DOCUMENTATION_COMMENTS = YES;
				CLANG_WARN_EMPTY_BODY = YES;
				CLANG_WARN_ENUM_CONVERSION = YES;
				CLANG_WARN_INFINITE_RECURSION = YES;
				CLANG_WARN_INT_CONVERSION = YES;
				CLANG_WARN_NON_LITERAL_NULL_CONVERSION = YES;
				CLANG_WARN_OBJC_LITERAL_CONVERSION = YES;
				CLANG_WARN_OBJC_ROOT_CLASS = YES_ERROR;
				CLANG_WARN_RANGE_LOOP_ANALYSIS = YES;
				CLANG_WARN_STRICT_PROTOTYPES = YES;
				CLANG_WARN_SUSPICIOUS_MOVE = YES;
				CLANG_WARN_UNGUARDED_AVAILABILITY = YES_AGGRESSIVE;
				CLANG_WARN_UNREACHABLE_CODE = YES;
				CLANG_WARN__DUPLICATE_METHOD_MATCH = YES;
				CODE_SIGN_IDENTITY = "-";
				COPY_PHASE_STRIP = NO;
				DEBUG_INFORMATION_FORMAT = "dwarf-with-dsym";
				ENABLE_NS_ASSERTIONS = NO;
				ENABLE_STRICT_OBJC_MSGSEND = YES;
				GCC_C_LANGUAGE_STANDARD = gnu11;
				GCC_NO_COMMON_BLOCKS = YES;
				GCC_WARN_64_TO_32_BIT_CONVERSION = YES;
				GCC_WARN_ABOUT_RETURN_TYPE = YES_ERROR;
				GCC_WARN_UNDECLARED_SELECTOR = YES;
				GCC_WARN_UNINITIALIZED_AUTOS = YES_AGGRESSIVE;
				GCC_WARN_UNUSED_FUNCTION = YES;
				GCC_WARN_UNUSED_VARIABLE = YES;
				MACOSX_DEPLOYMENT_TARGET = 10.13;
				MTL_ENABLE_DEBUG_INFO = NO;
				SDKROOT = macosx;
				SWIFT_OPTIMIZATION_LEVEL = "-Owholemodule";
			};
			name = Release;
		};
		D64FDD041FDF9FD30048E2FC /* Debug */ = {
			isa = XCBuildConfiguration;
			buildSettings = {
				ASSETCATALOG_COMPILER_APPICON_NAME = AppIcon;
				CODE_SIGN_STYLE = Automatic;
				COMBINE_HIDPI_IMAGES = YES;
				FRAMEWORK_SEARCH_PATHS = (
					"$(inherited)",
					"$(SYSTEM_LIBRARY_DIR)/PrivateFrameworks",
				);
				INFOPLIST_FILE = CoinPriceBar/Info.plist;
				LD_RUNPATH_SEARCH_PATHS = "$(inherited) @executable_path/../Frameworks";
				PRODUCT_BUNDLE_IDENTIFIER = TPM.CoinPriceBar;
				PRODUCT_NAME = "$(TARGET_NAME)";
				SWIFT_OBJC_BRIDGING_HEADER = CoinPriceBar/BridgingHeader.h;
				SWIFT_VERSION = 4.0;
			};
			name = Debug;
		};
		D64FDD051FDF9FD30048E2FC /* Release */ = {
			isa = XCBuildConfiguration;
			buildSettings = {
				ASSETCATALOG_COMPILER_APPICON_NAME = AppIcon;
				CODE_SIGN_STYLE = Automatic;
				COMBINE_HIDPI_IMAGES = YES;
				FRAMEWORK_SEARCH_PATHS = (
					"$(inherited)",
					"$(SYSTEM_LIBRARY_DIR)/PrivateFrameworks",
				);
				INFOPLIST_FILE = CoinPriceBar/Info.plist;
				LD_RUNPATH_SEARCH_PATHS = "$(inherited) @executable_path/../Frameworks";
				PRODUCT_BUNDLE_IDENTIFIER = TPM.CoinPriceBar;
				PRODUCT_NAME = "$(TARGET_NAME)";
				SWIFT_OBJC_BRIDGING_HEADER = CoinPriceBar/BridgingHeader.h;
				SWIFT_VERSION = 4.0;
			};
			name = Release;
		};
/* End XCBuildConfiguration section */

/* Begin XCConfigurationList section */
		D64FDCF01FDF9FD30048E2FC /* Build configuration list for PBXProject "CoinPriceBar" */ = {
			isa = XCConfigurationList;
			buildConfigurations = (
				D64FDD011FDF9FD30048E2FC /* Debug */,
				D64FDD021FDF9FD30048E2FC /* Release */,
			);
			defaultConfigurationIsVisible = 0;
			defaultConfigurationName = Release;
		};
		D64FDD031FDF9FD30048E2FC /* Build configuration list for PBXNativeTarget "CoinPriceBar" */ = {
			isa = XCConfigurationList;
			buildConfigurations = (
				D64FDD041FDF9FD30048E2FC /* Debug */,
				D64FDD051FDF9FD30048E2FC /* Release */,
			);
			defaultConfigurationIsVisible = 0;
			defaultConfigurationName = Release;
		};
/* End XCConfigurationList section */
	};
	rootObject = D64FDCED1FDF9FD30048E2FC /* Project object */;
}
